
Microsoft Visual Studio Solution File, Format Version 12.00
# Visual Studio 15
VisualStudioVersion = 15.0.26228.9
MinimumVisualStudioVersion = 10.0.40219.1
Project("{FAE04EC0-301F-11D3-BF4B-00C04F79EFBC}") = "FLawless", "FLawless\FLawless.csproj", "{8DCFC93E-09F0-41C2-9842-239F17F53EDB}"
EndProject
Project("{FAE04EC0-301F-11D3-BF4B-00C04F79EFBC}") = "FLLib", "FLLib\FLLib.csproj", "{8F3E8FFC-82FA-4884-822E-ED50EC647DBB}"
EndProject
Project("{FAE04EC0-301F-11D3-BF4B-00C04F79EFBC}") = "FLEdit", "FLEdit\FLEdit.csproj", "{D5DB1290-2B0C-4D5D-A605-7F3AC9C9D283}"
EndProject
Global
	GlobalSection(SolutionConfigurationPlatforms) = preSolution
		Debug|Any CPU = Debug|Any CPU
		Debug|x86 = Debug|x86
		Release|Any CPU = Release|Any CPU
		Release|x86 = Release|x86
	EndGlobalSection
	GlobalSection(ProjectConfigurationPlatforms) = postSolution
		{8DCFC93E-09F0-41C2-9842-239F17F53EDB}.Debug|Any CPU.ActiveCfg = Debug|x86
		{8DCFC93E-09F0-41C2-9842-239F17F53EDB}.Debug|x86.ActiveCfg = Debug|x86
		{8DCFC93E-09F0-41C2-9842-239F17F53EDB}.Debug|x86.Build.0 = Debug|x86
		{8DCFC93E-09F0-41C2-9842-239F17F53EDB}.Release|Any CPU.ActiveCfg = Release|x86
		{8DCFC93E-09F0-41C2-9842-239F17F53EDB}.Release|x86.ActiveCfg = Release|x86
		{8DCFC93E-09F0-41C2-9842-239F17F53EDB}.Release|x86.Build.0 = Release|x86
		{8F3E8FFC-82FA-4884-822E-ED50EC647DBB}.Debug|Any CPU.ActiveCfg = Debug|Any CPU
		{8F3E8FFC-82FA-4884-822E-ED50EC647DBB}.Debug|Any CPU.Build.0 = Debug|Any CPU
		{8F3E8FFC-82FA-4884-822E-ED50EC647DBB}.Debug|x86.ActiveCfg = Debug|Any CPU
		{8F3E8FFC-82FA-4884-822E-ED50EC647DBB}.Debug|x86.Build.0 = Debug|Any CPU
		{8F3E8FFC-82FA-4884-822E-ED50EC647DBB}.Release|Any CPU.ActiveCfg = Release|Any CPU
		{8F3E8FFC-82FA-4884-822E-ED50EC647DBB}.Release|Any CPU.Build.0 = Release|Any CPU
		{8F3E8FFC-82FA-4884-822E-ED50EC647DBB}.Release|x86.ActiveCfg = Release|Any CPU
		{8F3E8FFC-82FA-4884-822E-ED50EC647DBB}.Release|x86.Build.0 = Release|Any CPU
		{D5DB1290-2B0C-4D5D-A605-7F3AC9C9D283}.Debug|Any CPU.ActiveCfg = Debug|x86
		{D5DB1290-2B0C-4D5D-A605-7F3AC9C9D283}.Debug|x86.ActiveCfg = Debug|x86
		{D5DB1290-2B0C-4D5D-A605-7F3AC9C9D283}.Debug|x86.Build.0 = Debug|x86
		{D5DB1290-2B0C-4D5D-A605-7F3AC9C9D283}.Release|Any CPU.ActiveCfg = Release|x86
		{D5DB1290-2B0C-4D5D-A605-7F3AC9C9D283}.Release|x86.ActiveCfg = Release|x86
		{D5DB1290-2B0C-4D5D-A605-7F3AC9C9D283}.Release|x86.Build.0 = Release|x86
	EndGlobalSection
	GlobalSection(SolutionProperties) = preSolution
		HideSolutionNode = FALSE
	EndGlobalSection
EndGlobal
